// !$*UTF8*$!
{
	archiveVersion = 1;
	classes = {
	};
	objectVersion = 56;
	objects = {

/* Begin PBXBuildFile section */
		A30E9A3C2B0535AC00E4C928 /* Color+Extension.swift in Sources */ = {isa = PBXBuildFile; fileRef = A30E9A3B2B0535AC00E4C928 /* Color+Extension.swift */; };
		A30E9A3E2B0535E900E4C928 /* UIColor+Extension.swift in Sources */ = {isa = PBXBuildFile; fileRef = A30E9A3D2B0535E900E4C928 /* UIColor+Extension.swift */; };
		A30E9A402B053B4200E4C928 /* UIFont+Extension.swift in Sources */ = {isa = PBXBuildFile; fileRef = A30E9A3F2B053B4200E4C928 /* UIFont+Extension.swift */; };
		A30E9A422B053B9B00E4C928 /* View+UIFont.swift in Sources */ = {isa = PBXBuildFile; fileRef = A30E9A412B053B9B00E4C928 /* View+UIFont.swift */; };
		A31D3D6F2B0853C500531099 /* SettingView.swift in Sources */ = {isa = PBXBuildFile; fileRef = A31D3D6E2B0853C500531099 /* SettingView.swift */; };
		A31D3D722B08D6E200531099 /* usearthHomeView.swift in Sources */ = {isa = PBXBuildFile; fileRef = A31D3D712B08D6E200531099 /* usearthHomeView.swift */; };
		A3B071CE2B0269B900451899 /* OrangeBirdAppApp.swift in Sources */ = {isa = PBXBuildFile; fileRef = A3B071CD2B0269B900451899 /* OrangeBirdAppApp.swift */; };
		A3B071D02B0269B900451899 /* ContentView.swift in Sources */ = {isa = PBXBuildFile; fileRef = A3B071CF2B0269B900451899 /* ContentView.swift */; };
		A3B071D22B0269B900451899 /* Item.swift in Sources */ = {isa = PBXBuildFile; fileRef = A3B071D12B0269B900451899 /* Item.swift */; };
		A3B071D42B0269BB00451899 /* Assets.xcassets in Resources */ = {isa = PBXBuildFile; fileRef = A3B071D32B0269BB00451899 /* Assets.xcassets */; };
		A3B071D72B0269BB00451899 /* Preview Assets.xcassets in Resources */ = {isa = PBXBuildFile; fileRef = A3B071D62B0269BB00451899 /* Preview Assets.xcassets */; };
		A3B071E42B039BDC00451899 /* CallToActionButton.swift in Sources */ = {isa = PBXBuildFile; fileRef = A3B071E32B039BDC00451899 /* CallToActionButton.swift */; };
		A3B071E62B039C1100451899 /* OrangeBirdAppViewModel.swift in Sources */ = {isa = PBXBuildFile; fileRef = A3B071E52B039C1100451899 /* OrangeBirdAppViewModel.swift */; };
		A3DC9B082B03D17000C23835 /* FirebaseAnalytics in Frameworks */ = {isa = PBXBuildFile; productRef = A3DC9B072B03D17000C23835 /* FirebaseAnalytics */; };
		A3DC9B0C2B03D17000C23835 /* FirebaseAuth in Frameworks */ = {isa = PBXBuildFile; productRef = A3DC9B0B2B03D17000C23835 /* FirebaseAuth */; };
		A3DC9B0E2B03D17000C23835 /* FirebaseFirestore in Frameworks */ = {isa = PBXBuildFile; productRef = A3DC9B0D2B03D17000C23835 /* FirebaseFirestore */; };
		A3DC9B102B03D17000C23835 /* FirebaseFirestoreCombine-Community in Frameworks */ = {isa = PBXBuildFile; productRef = A3DC9B0F2B03D17000C23835 /* FirebaseFirestoreCombine-Community */; };
		A3DC9B122B03D17000C23835 /* FirebaseMessaging in Frameworks */ = {isa = PBXBuildFile; productRef = A3DC9B112B03D17000C23835 /* FirebaseMessaging */; };
		A3DC9B142B03D17000C23835 /* FirebaseStorage in Frameworks */ = {isa = PBXBuildFile; productRef = A3DC9B132B03D17000C23835 /* FirebaseStorage */; };
		A3DC9B162B03D25100C23835 /* AppDelegate.swift in Sources */ = {isa = PBXBuildFile; fileRef = A3DC9B152B03D25100C23835 /* AppDelegate.swift */; };
		A3DC9B1E2B04F6A600C23835 /* HapticManager.swift in Sources */ = {isa = PBXBuildFile; fileRef = A3DC9B1D2B04F6A600C23835 /* HapticManager.swift */; };
		A3DC9B262B04FD3700C23835 /* StickyHeader.swift in Sources */ = {isa = PBXBuildFile; fileRef = A3DC9B252B04FD3700C23835 /* StickyHeader.swift */; };
		CEDBDB042B0785470069DE1A /* GoogleService-Info.plist in Resources */ = {isa = PBXBuildFile; fileRef = CEDBDB032B0785470069DE1A /* GoogleService-Info.plist */; };
		CEDBDB082B0786EF0069DE1A /* String+Formatter.swift in Sources */ = {isa = PBXBuildFile; fileRef = CEDBDB052B0786EF0069DE1A /* String+Formatter.swift */; };
		CEDBDB092B0786EF0069DE1A /* Date+String.swift in Sources */ = {isa = PBXBuildFile; fileRef = CEDBDB062B0786EF0069DE1A /* Date+String.swift */; };
		CEDBDB0A2B0786EF0069DE1A /* UIScreen+Extension.swift in Sources */ = {isa = PBXBuildFile; fileRef = CEDBDB072B0786EF0069DE1A /* UIScreen+Extension.swift */; };
/* End PBXBuildFile section */

/* Begin PBXFileReference section */
		A30E9A3B2B0535AC00E4C928 /* Color+Extension.swift */ = {isa = PBXFileReference; lastKnownFileType = sourcecode.swift; path = "Color+Extension.swift"; sourceTree = "<group>"; };
		A30E9A3D2B0535E900E4C928 /* UIColor+Extension.swift */ = {isa = PBXFileReference; lastKnownFileType = sourcecode.swift; path = "UIColor+Extension.swift"; sourceTree = "<group>"; };
		A30E9A3F2B053B4200E4C928 /* UIFont+Extension.swift */ = {isa = PBXFileReference; lastKnownFileType = sourcecode.swift; path = "UIFont+Extension.swift"; sourceTree = "<group>"; };
		A30E9A412B053B9B00E4C928 /* View+UIFont.swift */ = {isa = PBXFileReference; lastKnownFileType = sourcecode.swift; path = "View+UIFont.swift"; sourceTree = "<group>"; };
		A31D3D6E2B0853C500531099 /* SettingView.swift */ = {isa = PBXFileReference; fileEncoding = 4; lastKnownFileType = sourcecode.swift; path = SettingView.swift; sourceTree = "<group>"; };
		A31D3D712B08D6E200531099 /* usearthHomeView.swift */ = {isa = PBXFileReference; lastKnownFileType = sourcecode.swift; path = usearthHomeView.swift; sourceTree = "<group>"; };
		A3B071CA2B0269B900451899 /* OrangeBirdApp.app */ = {isa = PBXFileReference; explicitFileType = wrapper.application; includeInIndex = 0; path = OrangeBirdApp.app; sourceTree = BUILT_PRODUCTS_DIR; };
		A3B071CD2B0269B900451899 /* OrangeBirdAppApp.swift */ = {isa = PBXFileReference; lastKnownFileType = sourcecode.swift; path = OrangeBirdAppApp.swift; sourceTree = "<group>"; };
		A3B071CF2B0269B900451899 /* ContentView.swift */ = {isa = PBXFileReference; lastKnownFileType = sourcecode.swift; path = ContentView.swift; sourceTree = "<group>"; };
		A3B071D12B0269B900451899 /* Item.swift */ = {isa = PBXFileReference; lastKnownFileType = sourcecode.swift; path = Item.swift; sourceTree = "<group>"; };
		A3B071D32B0269BB00451899 /* Assets.xcassets */ = {isa = PBXFileReference; lastKnownFileType = folder.assetcatalog; path = Assets.xcassets; sourceTree = "<group>"; };
		A3B071D62B0269BB00451899 /* Preview Assets.xcassets */ = {isa = PBXFileReference; lastKnownFileType = folder.assetcatalog; path = "Preview Assets.xcassets"; sourceTree = "<group>"; };
		A3B071E32B039BDC00451899 /* CallToActionButton.swift */ = {isa = PBXFileReference; lastKnownFileType = sourcecode.swift; path = CallToActionButton.swift; sourceTree = "<group>"; };
		A3B071E52B039C1100451899 /* OrangeBirdAppViewModel.swift */ = {isa = PBXFileReference; lastKnownFileType = sourcecode.swift; path = OrangeBirdAppViewModel.swift; sourceTree = "<group>"; };
		A3DC9B152B03D25100C23835 /* AppDelegate.swift */ = {isa = PBXFileReference; lastKnownFileType = sourcecode.swift; path = AppDelegate.swift; sourceTree = "<group>"; };
		A3DC9B1D2B04F6A600C23835 /* HapticManager.swift */ = {isa = PBXFileReference; lastKnownFileType = sourcecode.swift; path = HapticManager.swift; sourceTree = "<group>"; };
		A3DC9B252B04FD3700C23835 /* StickyHeader.swift */ = {isa = PBXFileReference; lastKnownFileType = sourcecode.swift; path = StickyHeader.swift; sourceTree = "<group>"; };
		CEDBDB032B0785470069DE1A /* GoogleService-Info.plist */ = {isa = PBXFileReference; fileEncoding = 4; lastKnownFileType = text.plist.xml; path = "GoogleService-Info.plist"; sourceTree = "<group>"; };
		CEDBDB052B0786EF0069DE1A /* String+Formatter.swift */ = {isa = PBXFileReference; fileEncoding = 4; lastKnownFileType = sourcecode.swift; path = "String+Formatter.swift"; sourceTree = "<group>"; };
		CEDBDB062B0786EF0069DE1A /* Date+String.swift */ = {isa = PBXFileReference; fileEncoding = 4; lastKnownFileType = sourcecode.swift; path = "Date+String.swift"; sourceTree = "<group>"; };
		CEDBDB072B0786EF0069DE1A /* UIScreen+Extension.swift */ = {isa = PBXFileReference; fileEncoding = 4; lastKnownFileType = sourcecode.swift; path = "UIScreen+Extension.swift"; sourceTree = "<group>"; };
/* End PBXFileReference section */

/* Begin PBXFrameworksBuildPhase section */
		A3B071C72B0269B900451899 /* Frameworks */ = {
			isa = PBXFrameworksBuildPhase;
			buildActionMask = 2147483647;
			files = (
				A3DC9B122B03D17000C23835 /* FirebaseMessaging in Frameworks */,
				A3DC9B082B03D17000C23835 /* FirebaseAnalytics in Frameworks */,
				A3DC9B0E2B03D17000C23835 /* FirebaseFirestore in Frameworks */,
				A3DC9B0C2B03D17000C23835 /* FirebaseAuth in Frameworks */,
				A3DC9B142B03D17000C23835 /* FirebaseStorage in Frameworks */,
				A3DC9B102B03D17000C23835 /* FirebaseFirestoreCombine-Community in Frameworks */,
			);
			runOnlyForDeploymentPostprocessing = 0;
		};
/* End PBXFrameworksBuildPhase section */

/* Begin PBXGroup section */
		A30E9A3A2B05357600E4C928 /* Extensions */ = {
			isa = PBXGroup;
			children = (
				A30E9A3B2B0535AC00E4C928 /* Color+Extension.swift */,
				A30E9A3D2B0535E900E4C928 /* UIColor+Extension.swift */,
				A30E9A3F2B053B4200E4C928 /* UIFont+Extension.swift */,
				A30E9A412B053B9B00E4C928 /* View+UIFont.swift */,
				CEDBDB062B0786EF0069DE1A /* Date+String.swift */,
				CEDBDB052B0786EF0069DE1A /* String+Formatter.swift */,
				CEDBDB072B0786EF0069DE1A /* UIScreen+Extension.swift */,
			);
			path = Extensions;
			sourceTree = "<group>";
		};
		A3B071C12B0269B900451899 = {
			isa = PBXGroup;
			children = (
				CEDBDB032B0785470069DE1A /* GoogleService-Info.plist */,
				A3B071CC2B0269B900451899 /* OrangeBirdApp */,
				A3B071CB2B0269B900451899 /* Products */,
				CEDBDB022B0785300069DE1A /* Recovered References */,
			);
			sourceTree = "<group>";
		};
		A3B071CB2B0269B900451899 /* Products */ = {
			isa = PBXGroup;
			children = (
				A3B071CA2B0269B900451899 /* OrangeBirdApp.app */,
			);
			name = Products;
			sourceTree = "<group>";
		};
		A3B071CC2B0269B900451899 /* OrangeBirdApp */ = {
			isa = PBXGroup;
			children = (
				A30E9A3A2B05357600E4C928 /* Extensions */,
				A3B071E12B039A9900451899 /* Support */,
				A3B071DE2B039A5B00451899 /* Views */,
				A3B071DF2B039A7200451899 /* Models */,
				A3B071E02B039A8000451899 /* ViewModels */,
				A3B071D32B0269BB00451899 /* Assets.xcassets */,
				A3B071D52B0269BB00451899 /* Preview Content */,
			);
			path = OrangeBirdApp;
			sourceTree = "<group>";
		};
		A3B071D52B0269BB00451899 /* Preview Content */ = {
			isa = PBXGroup;
			children = (
				A3B071D62B0269BB00451899 /* Preview Assets.xcassets */,
			);
			path = "Preview Content";
			sourceTree = "<group>";
		};
		A3B071DE2B039A5B00451899 /* Views */ = {
			isa = PBXGroup;
			children = (
				A31D3D6E2B0853C500531099 /* SettingView.swift */,
				A3B071E22B039AAE00451899 /* Components */,
				A3B071CD2B0269B900451899 /* OrangeBirdAppApp.swift */,
				A3B071CF2B0269B900451899 /* ContentView.swift */,
				A31D3D712B08D6E200531099 /* usearthHomeView.swift */,
			);
			path = Views;
			sourceTree = "<group>";
		};
		A3B071DF2B039A7200451899 /* Models */ = {
			isa = PBXGroup;
			children = (
				A3B071D12B0269B900451899 /* Item.swift */,
			);
			path = Models;
			sourceTree = "<group>";
		};
		A3B071E02B039A8000451899 /* ViewModels */ = {
			isa = PBXGroup;
			children = (
				A3B071E52B039C1100451899 /* OrangeBirdAppViewModel.swift */,
			);
			path = ViewModels;
			sourceTree = "<group>";
		};
		A3B071E12B039A9900451899 /* Support */ = {
			isa = PBXGroup;
			children = (
				A3DC9B152B03D25100C23835 /* AppDelegate.swift */,
				A3DC9B1D2B04F6A600C23835 /* HapticManager.swift */,
			);
			path = Support;
			sourceTree = "<group>";
		};
		A3B071E22B039AAE00451899 /* Components */ = {
			isa = PBXGroup;
			children = (
				A3B071E32B039BDC00451899 /* CallToActionButton.swift */,
				A3DC9B252B04FD3700C23835 /* StickyHeader.swift */,
			);
			path = Components;
			sourceTree = "<group>";
		};
		CEDBDB022B0785300069DE1A /* Recovered References */ = {
			isa = PBXGroup;
			children = (
			);
			name = "Recovered References";
			sourceTree = "<group>";
		};
/* End PBXGroup section */

/* Begin PBXNativeTarget section */
		A3B071C92B0269B900451899 /* OrangeBirdApp */ = {
			isa = PBXNativeTarget;
			buildConfigurationList = A3B071DA2B0269BB00451899 /* Build configuration list for PBXNativeTarget "OrangeBirdApp" */;
			buildPhases = (
				A3B071C62B0269B900451899 /* Sources */,
				A3B071C72B0269B900451899 /* Frameworks */,
				A3B071C82B0269B900451899 /* Resources */,
			);
			buildRules = (
			);
			dependencies = (
			);
			name = OrangeBirdApp;
			packageProductDependencies = (
				A3DC9B072B03D17000C23835 /* FirebaseAnalytics */,
				A3DC9B0B2B03D17000C23835 /* FirebaseAuth */,
				A3DC9B0D2B03D17000C23835 /* FirebaseFirestore */,
				A3DC9B0F2B03D17000C23835 /* FirebaseFirestoreCombine-Community */,
				A3DC9B112B03D17000C23835 /* FirebaseMessaging */,
				A3DC9B132B03D17000C23835 /* FirebaseStorage */,
			);
			productName = OrangeBirdApp;
			productReference = A3B071CA2B0269B900451899 /* OrangeBirdApp.app */;
			productType = "com.apple.product-type.application";
		};
/* End PBXNativeTarget section */

/* Begin PBXProject section */
		A3B071C22B0269B900451899 /* Project object */ = {
			isa = PBXProject;
			attributes = {
				BuildIndependentTargetsInParallel = 1;
				LastSwiftUpdateCheck = 1500;
				LastUpgradeCheck = 1500;
				TargetAttributes = {
					A3B071C92B0269B900451899 = {
						CreatedOnToolsVersion = 15.0.1;
					};
				};
			};
			buildConfigurationList = A3B071C52B0269B900451899 /* Build configuration list for PBXProject "OrangeBirdApp" */;
			compatibilityVersion = "Xcode 14.0";
			developmentRegion = en;
			hasScannedForEncodings = 0;
			knownRegions = (
				en,
				Base,
			);
			mainGroup = A3B071C12B0269B900451899;
			packageReferences = (
				A3DC9B062B03D17000C23835 /* XCRemoteSwiftPackageReference "firebase-ios-sdk" */,
			);
			productRefGroup = A3B071CB2B0269B900451899 /* Products */;
			projectDirPath = "";
			projectRoot = "";
			targets = (
				A3B071C92B0269B900451899 /* OrangeBirdApp */,
			);
		};
/* End PBXProject section */

/* Begin PBXResourcesBuildPhase section */
		A3B071C82B0269B900451899 /* Resources */ = {
			isa = PBXResourcesBuildPhase;
			buildActionMask = 2147483647;
			files = (
				A3B071D72B0269BB00451899 /* Preview Assets.xcassets in Resources */,
				A3B071D42B0269BB00451899 /* Assets.xcassets in Resources */,
				CEDBDB042B0785470069DE1A /* GoogleService-Info.plist in Resources */,
			);
			runOnlyForDeploymentPostprocessing = 0;
		};
/* End PBXResourcesBuildPhase section */

/* Begin PBXSourcesBuildPhase section */
		A3B071C62B0269B900451899 /* Sources */ = {
			isa = PBXSourcesBuildPhase;
			buildActionMask = 2147483647;
			files = (
				A3DC9B262B04FD3700C23835 /* StickyHeader.swift in Sources */,
				A3DC9B162B03D25100C23835 /* AppDelegate.swift in Sources */,
				A30E9A3C2B0535AC00E4C928 /* Color+Extension.swift in Sources */,
				A3B071E42B039BDC00451899 /* CallToActionButton.swift in Sources */,
				CEDBDB0A2B0786EF0069DE1A /* UIScreen+Extension.swift in Sources */,
				A31D3D722B08D6E200531099 /* usearthHomeView.swift in Sources */,
				A31D3D6F2B0853C500531099 /* SettingView.swift in Sources */,
				A3B071D02B0269B900451899 /* ContentView.swift in Sources */,
				CEDBDB082B0786EF0069DE1A /* String+Formatter.swift in Sources */,
				CEDBDB092B0786EF0069DE1A /* Date+String.swift in Sources */,
				A3B071E62B039C1100451899 /* OrangeBirdAppViewModel.swift in Sources */,
				A3DC9B1E2B04F6A600C23835 /* HapticManager.swift in Sources */,
				A3B071D22B0269B900451899 /* Item.swift in Sources */,
				A30E9A402B053B4200E4C928 /* UIFont+Extension.swift in Sources */,
				A3B071CE2B0269B900451899 /* OrangeBirdAppApp.swift in Sources */,
				A30E9A3E2B0535E900E4C928 /* UIColor+Extension.swift in Sources */,
				A30E9A422B053B9B00E4C928 /* View+UIFont.swift in Sources */,
			);
			runOnlyForDeploymentPostprocessing = 0;
		};
/* End PBXSourcesBuildPhase section */

/* Begin XCBuildConfiguration section */
		A3B071D82B0269BB00451899 /* Debug */ = {
			isa = XCBuildConfiguration;
			buildSettings = {
				ALWAYS_SEARCH_USER_PATHS = NO;
				ASSETCATALOG_COMPILER_GENERATE_SWIFT_ASSET_SYMBOL_EXTENSIONS = YES;
				CLANG_ANALYZER_NONNULL = YES;
				CLANG_ANALYZER_NUMBER_OBJECT_CONVERSION = YES_AGGRESSIVE;
				CLANG_CXX_LANGUAGE_STANDARD = "gnu++20";
				CLANG_ENABLE_MODULES = YES;
				CLANG_ENABLE_OBJC_ARC = YES;
				CLANG_ENABLE_OBJC_WEAK = YES;
				CLANG_WARN_BLOCK_CAPTURE_AUTORELEASING = YES;
				CLANG_WARN_BOOL_CONVERSION = YES;
				CLANG_WARN_COMMA = YES;
				CLANG_WARN_CONSTANT_CONVERSION = YES;
				CLANG_WARN_DEPRECATED_OBJC_IMPLEMENTATIONS = YES;
				CLANG_WARN_DIRECT_OBJC_ISA_USAGE = YES_ERROR;
				CLANG_WARN_DOCUMENTATION_COMMENTS = YES;
				CLANG_WARN_EMPTY_BODY = YES;
				CLANG_WARN_ENUM_CONVERSION = YES;
				CLANG_WARN_INFINITE_RECURSION = YES;
				CLANG_WARN_INT_CONVERSION = YES;
				CLANG_WARN_NON_LITERAL_NULL_CONVERSION = YES;
				CLANG_WARN_OBJC_IMPLICIT_RETAIN_SELF = YES;
				CLANG_WARN_OBJC_LITERAL_CONVERSION = YES;
				CLANG_WARN_OBJC_ROOT_CLASS = YES_ERROR;
				CLANG_WARN_QUOTED_INCLUDE_IN_FRAMEWORK_HEADER = YES;
				CLANG_WARN_RANGE_LOOP_ANALYSIS = YES;
				CLANG_WARN_STRICT_PROTOTYPES = YES;
				CLANG_WARN_SUSPICIOUS_MOVE = YES;
				CLANG_WARN_UNGUARDED_AVAILABILITY = YES_AGGRESSIVE;
				CLANG_WARN_UNREACHABLE_CODE = YES;
				CLANG_WARN__DUPLICATE_METHOD_MATCH = YES;
				COPY_PHASE_STRIP = NO;
				DEBUG_INFORMATION_FORMAT = dwarf;
				ENABLE_STRICT_OBJC_MSGSEND = YES;
				ENABLE_TESTABILITY = YES;
				ENABLE_USER_SCRIPT_SANDBOXING = YES;
				GCC_C_LANGUAGE_STANDARD = gnu17;
				GCC_DYNAMIC_NO_PIC = NO;
				GCC_NO_COMMON_BLOCKS = YES;
				GCC_OPTIMIZATION_LEVEL = 0;
				GCC_PREPROCESSOR_DEFINITIONS = (
					"DEBUG=1",
					"$(inherited)",
				);
				GCC_WARN_64_TO_32_BIT_CONVERSION = YES;
				GCC_WARN_ABOUT_RETURN_TYPE = YES_ERROR;
				GCC_WARN_UNDECLARED_SELECTOR = YES;
				GCC_WARN_UNINITIALIZED_AUTOS = YES_AGGRESSIVE;
				GCC_WARN_UNUSED_FUNCTION = YES;
				GCC_WARN_UNUSED_VARIABLE = YES;
				IPHONEOS_DEPLOYMENT_TARGET = 17.0;
				LOCALIZATION_PREFERS_STRING_CATALOGS = YES;
				MTL_ENABLE_DEBUG_INFO = INCLUDE_SOURCE;
				MTL_FAST_MATH = YES;
				ONLY_ACTIVE_ARCH = YES;
				SDKROOT = iphoneos;
				SWIFT_ACTIVE_COMPILATION_CONDITIONS = "DEBUG $(inherited)";
				SWIFT_OPTIMIZATION_LEVEL = "-Onone";
			};
			name = Debug;
		};
		A3B071D92B0269BB00451899 /* Release */ = {
			isa = XCBuildConfiguration;
			buildSettings = {
				ALWAYS_SEARCH_USER_PATHS = NO;
				ASSETCATALOG_COMPILER_GENERATE_SWIFT_ASSET_SYMBOL_EXTENSIONS = YES;
				CLANG_ANALYZER_NONNULL = YES;
				CLANG_ANALYZER_NUMBER_OBJECT_CONVERSION = YES_AGGRESSIVE;
				CLANG_CXX_LANGUAGE_STANDARD = "gnu++20";
				CLANG_ENABLE_MODULES = YES;
				CLANG_ENABLE_OBJC_ARC = YES;
				CLANG_ENABLE_OBJC_WEAK = YES;
				CLANG_WARN_BLOCK_CAPTURE_AUTORELEASING = YES;
				CLANG_WARN_BOOL_CONVERSION = YES;
				CLANG_WARN_COMMA = YES;
				CLANG_WARN_CONSTANT_CONVERSION = YES;
				CLANG_WARN_DEPRECATED_OBJC_IMPLEMENTATIONS = YES;
				CLANG_WARN_DIRECT_OBJC_ISA_USAGE = YES_ERROR;
				CLANG_WARN_DOCUMENTATION_COMMENTS = YES;
				CLANG_WARN_EMPTY_BODY = YES;
				CLANG_WARN_ENUM_CONVERSION = YES;
				CLANG_WARN_INFINITE_RECURSION = YES;
				CLANG_WARN_INT_CONVERSION = YES;
				CLANG_WARN_NON_LITERAL_NULL_CONVERSION = YES;
				CLANG_WARN_OBJC_IMPLICIT_RETAIN_SELF = YES;
				CLANG_WARN_OBJC_LITERAL_CONVERSION = YES;
				CLANG_WARN_OBJC_ROOT_CLASS = YES_ERROR;
				CLANG_WARN_QUOTED_INCLUDE_IN_FRAMEWORK_HEADER = YES;
				CLANG_WARN_RANGE_LOOP_ANALYSIS = YES;
				CLANG_WARN_STRICT_PROTOTYPES = YES;
				CLANG_WARN_SUSPICIOUS_MOVE = YES;
				CLANG_WARN_UNGUARDED_AVAILABILITY = YES_AGGRESSIVE;
				CLANG_WARN_UNREACHABLE_CODE = YES;
				CLANG_WARN__DUPLICATE_METHOD_MATCH = YES;
				COPY_PHASE_STRIP = NO;
				DEBUG_INFORMATION_FORMAT = "dwarf-with-dsym";
				ENABLE_NS_ASSERTIONS = NO;
				ENABLE_STRICT_OBJC_MSGSEND = YES;
				ENABLE_USER_SCRIPT_SANDBOXING = YES;
				GCC_C_LANGUAGE_STANDARD = gnu17;
				GCC_NO_COMMON_BLOCKS = YES;
				GCC_WARN_64_TO_32_BIT_CONVERSION = YES;
				GCC_WARN_ABOUT_RETURN_TYPE = YES_ERROR;
				GCC_WARN_UNDECLARED_SELECTOR = YES;
				GCC_WARN_UNINITIALIZED_AUTOS = YES_AGGRESSIVE;
				GCC_WARN_UNUSED_FUNCTION = YES;
				GCC_WARN_UNUSED_VARIABLE = YES;
				IPHONEOS_DEPLOYMENT_TARGET = 17.0;
				LOCALIZATION_PREFERS_STRING_CATALOGS = YES;
				MTL_ENABLE_DEBUG_INFO = NO;
				MTL_FAST_MATH = YES;
				SDKROOT = iphoneos;
				SWIFT_COMPILATION_MODE = wholemodule;
				VALIDATE_PRODUCT = YES;
			};
			name = Release;
		};
		A3B071DB2B0269BB00451899 /* Debug */ = {
			isa = XCBuildConfiguration;
			buildSettings = {
				ASSETCATALOG_COMPILER_APPICON_NAME = AppIcon;
				ASSETCATALOG_COMPILER_GLOBAL_ACCENT_COLOR_NAME = AccentColor;
				"CODE_SIGN_IDENTITY[sdk=iphoneos*]" = "iPhone Developer";
				CODE_SIGN_STYLE = Manual;
				CURRENT_PROJECT_VERSION = 1;
				DEVELOPMENT_ASSET_PATHS = "\"OrangeBirdApp/Preview Content\"";
				DEVELOPMENT_TEAM = "";
				"DEVELOPMENT_TEAM[sdk=iphoneos*]" = HN3RL67C46;
				ENABLE_PREVIEWS = YES;
				GENERATE_INFOPLIST_FILE = YES;
				INFOPLIST_KEY_UIApplicationSceneManifest_Generation = YES;
				INFOPLIST_KEY_UIApplicationSupportsIndirectInputEvents = YES;
				INFOPLIST_KEY_UILaunchScreen_Generation = YES;
				INFOPLIST_KEY_UISupportedInterfaceOrientations_iPad = "UIInterfaceOrientationPortrait UIInterfaceOrientationPortraitUpsideDown UIInterfaceOrientationLandscapeLeft UIInterfaceOrientationLandscapeRight";
				INFOPLIST_KEY_UISupportedInterfaceOrientations_iPhone = "UIInterfaceOrientationPortrait UIInterfaceOrientationLandscapeLeft UIInterfaceOrientationLandscapeRight";
				LD_RUNPATH_SEARCH_PATHS = (
					"$(inherited)",
					"@executable_path/Frameworks",
				);
				MARKETING_VERSION = 1.0;
				PRODUCT_BUNDLE_IDENTIFIER = com.OrangeBird.OrangeBirdApp.PotatoThon;
				PRODUCT_NAME = "$(TARGET_NAME)";
				PROVISIONING_PROFILE_SPECIFIER = "";
				"PROVISIONING_PROFILE_SPECIFIER[sdk=iphoneos*]" = OrangeBirdProfile_Dev_20231113;
				SWIFT_EMIT_LOC_STRINGS = YES;
				SWIFT_VERSION = 5.0;
				TARGETED_DEVICE_FAMILY = "1,2";
			};
			name = Debug;
		};
		A3B071DC2B0269BB00451899 /* Release */ = {
			isa = XCBuildConfiguration;
			buildSettings = {
				ASSETCATALOG_COMPILER_APPICON_NAME = AppIcon;
				ASSETCATALOG_COMPILER_GLOBAL_ACCENT_COLOR_NAME = AccentColor;
				"CODE_SIGN_IDENTITY[sdk=iphoneos*]" = "iPhone Developer";
				CODE_SIGN_STYLE = Manual;
				CURRENT_PROJECT_VERSION = 1;
				DEVELOPMENT_ASSET_PATHS = "\"OrangeBirdApp/Preview Content\"";
				DEVELOPMENT_TEAM = "";
				"DEVELOPMENT_TEAM[sdk=iphoneos*]" = HN3RL67C46;
				ENABLE_PREVIEWS = YES;
				GENERATE_INFOPLIST_FILE = YES;
				INFOPLIST_KEY_UIApplicationSceneManifest_Generation = YES;
				INFOPLIST_KEY_UIApplicationSupportsIndirectInputEvents = YES;
				INFOPLIST_KEY_UILaunchScreen_Generation = YES;
				INFOPLIST_KEY_UISupportedInterfaceOrientations_iPad = "UIInterfaceOrientationPortrait UIInterfaceOrientationPortraitUpsideDown UIInterfaceOrientationLandscapeLeft UIInterfaceOrientationLandscapeRight";
				INFOPLIST_KEY_UISupportedInterfaceOrientations_iPhone = "UIInterfaceOrientationPortrait UIInterfaceOrientationLandscapeLeft UIInterfaceOrientationLandscapeRight";
				LD_RUNPATH_SEARCH_PATHS = (
					"$(inherited)",
					"@executable_path/Frameworks",
				);
				MARKETING_VERSION = 1.0;
				PRODUCT_BUNDLE_IDENTIFIER = com.OrangeBird.OrangeBirdApp.PotatoThon;
				PRODUCT_NAME = "$(TARGET_NAME)";
				PROVISIONING_PROFILE_SPECIFIER = "";
				"PROVISIONING_PROFILE_SPECIFIER[sdk=iphoneos*]" = OrangeBirdProfile_Dev_20231113;
				SWIFT_EMIT_LOC_STRINGS = YES;
				SWIFT_VERSION = 5.0;
				TARGETED_DEVICE_FAMILY = "1,2";
			};
			name = Release;
		};
/* End XCBuildConfiguration section */

/* Begin XCConfigurationList section */
		A3B071C52B0269B900451899 /* Build configuration list for PBXProject "OrangeBirdApp" */ = {
			isa = XCConfigurationList;
			buildConfigurations = (
				A3B071D82B0269BB00451899 /* Debug */,
				A3B071D92B0269BB00451899 /* Release */,
			);
			defaultConfigurationIsVisible = 0;
			defaultConfigurationName = Release;
		};
		A3B071DA2B0269BB00451899 /* Build configuration list for PBXNativeTarget "OrangeBirdApp" */ = {
			isa = XCConfigurationList;
			buildConfigurations = (
				A3B071DB2B0269BB00451899 /* Debug */,
				A3B071DC2B0269BB00451899 /* Release */,
			);
			defaultConfigurationIsVisible = 0;
			defaultConfigurationName = Release;
		};
/* End XCConfigurationList section */

/* Begin XCRemoteSwiftPackageReference section */
		A3DC9B062B03D17000C23835 /* XCRemoteSwiftPackageReference "firebase-ios-sdk" */ = {
			isa = XCRemoteSwiftPackageReference;
			repositoryURL = "https://github.com/firebase/firebase-ios-sdk";
			requirement = {
				kind = upToNextMajorVersion;
				minimumVersion = 10.0.0;
			};
		};
/* End XCRemoteSwiftPackageReference section */

/* Begin XCSwiftPackageProductDependency section */
		A3DC9B072B03D17000C23835 /* FirebaseAnalytics */ = {
			isa = XCSwiftPackageProductDependency;
			package = A3DC9B062B03D17000C23835 /* XCRemoteSwiftPackageReference "firebase-ios-sdk" */;
			productName = FirebaseAnalytics;
		};
		A3DC9B0B2B03D17000C23835 /* FirebaseAuth */ = {
			isa = XCSwiftPackageProductDependency;
			package = A3DC9B062B03D17000C23835 /* XCRemoteSwiftPackageReference "firebase-ios-sdk" */;
			productName = FirebaseAuth;
		};
		A3DC9B0D2B03D17000C23835 /* FirebaseFirestore */ = {
			isa = XCSwiftPackageProductDependency;
			package = A3DC9B062B03D17000C23835 /* XCRemoteSwiftPackageReference "firebase-ios-sdk" */;
			productName = FirebaseFirestore;
		};
		A3DC9B0F2B03D17000C23835 /* FirebaseFirestoreCombine-Community */ = {
			isa = XCSwiftPackageProductDependency;
			package = A3DC9B062B03D17000C23835 /* XCRemoteSwiftPackageReference "firebase-ios-sdk" */;
			productName = "FirebaseFirestoreCombine-Community";
		};
		A3DC9B112B03D17000C23835 /* FirebaseMessaging */ = {
			isa = XCSwiftPackageProductDependency;
			package = A3DC9B062B03D17000C23835 /* XCRemoteSwiftPackageReference "firebase-ios-sdk" */;
			productName = FirebaseMessaging;
		};
		A3DC9B132B03D17000C23835 /* FirebaseStorage */ = {
			isa = XCSwiftPackageProductDependency;
			package = A3DC9B062B03D17000C23835 /* XCRemoteSwiftPackageReference "firebase-ios-sdk" */;
			productName = FirebaseStorage;
		};
/* End XCSwiftPackageProductDependency section */
	};
	rootObject = A3B071C22B0269B900451899 /* Project object */;
}
